
Microsoft Visual Studio Solution File, Format Version 12.00
# Visual Studio Version 17
VisualStudioVersion = 17.0.31903.59
MinimumVisualStudioVersion = 10.0.40219.1
Project("{2150E333-8FDC-42A3-9474-1A3956D46DE8}") = "src", "src", "{14E77C07-D32B-4345-9084-1F15A4D69011}"
EndProject
Project("{FAE04EC0-301F-11D3-BF4B-00C04F79EFBC}") = "AuctionService", "src\AuctionService\AuctionService.csproj", "{02CE754A-A40D-4F02-99D7-3D6C0093B6BB}"
EndProject
Project("{FAE04EC0-301F-11D3-BF4B-00C04F79EFBC}") = "SearchService", "src\SearchService\SearchService.csproj", "{E2706B3B-50F2-40DC-9A75-9CE1541BADC0}"
EndProject
Project("{FAE04EC0-301F-11D3-BF4B-00C04F79EFBC}") = "Contracts", "src\Contracts\Contracts.csproj", "{F2FCBBEE-C7B7-4470-94D1-4C76E2A3AE5B}"
EndProject
Project("{FAE04EC0-301F-11D3-BF4B-00C04F79EFBC}") = "IdentityService", "src\IdentityService\IdentityService.csproj", "{23B0F21B-783B-45D0-83EB-3F0E2B217F3B}"
EndProject
Project("{FAE04EC0-301F-11D3-BF4B-00C04F79EFBC}") = "GatewayService", "src\GatewayService\GatewayService.csproj", "{20683CF2-4ACE-4E89-842E-37C066487299}"
EndProject
Project("{2150E333-8FDC-42A3-9474-1A3956D46DE8}") = "tests", "tests", "{D05D6D39-C4A3-488B-AC7E-32943534C691}"
EndProject
Project("{FAE04EC0-301F-11D3-BF4B-00C04F79EFBC}") = "AuctionService.UnitTests", "tests\AuctionService.UnitTests\AuctionService.UnitTests.csproj", "{83ED64BF-C0A6-4920-9055-FC0227877C85}"
EndProject
Project("{FAE04EC0-301F-11D3-BF4B-00C04F79EFBC}") = "AuctionService.IntegrationTests", "tests\AuctionService.IntegrationTests\AuctionService.IntegrationTests.csproj", "{BA0FD801-5ED5-4965-BB7A-3A70BC022E59}"
EndProject
Project("{FAE04EC0-301F-11D3-BF4B-00C04F79EFBC}") = "SearchService.IntegrationTests", "tests\SearchService.IntegrationTests\SearchService.IntegrationTests.csproj", "{136F46B4-98AE-46DF-8931-F3E6D80294C8}"
EndProject
Global
	GlobalSection(SolutionConfigurationPlatforms) = preSolution
		Debug|Any CPU = Debug|Any CPU
		Release|Any CPU = Release|Any CPU
	EndGlobalSection
	GlobalSection(ProjectConfigurationPlatforms) = postSolution
		{02CE754A-A40D-4F02-99D7-3D6C0093B6BB}.Debug|Any CPU.ActiveCfg = Debug|Any CPU
		{02CE754A-A40D-4F02-99D7-3D6C0093B6BB}.Debug|Any CPU.Build.0 = Debug|Any CPU
		{02CE754A-A40D-4F02-99D7-3D6C0093B6BB}.Release|Any CPU.ActiveCfg = Release|Any CPU
		{02CE754A-A40D-4F02-99D7-3D6C0093B6BB}.Release|Any CPU.Build.0 = Release|Any CPU
		{E2706B3B-50F2-40DC-9A75-9CE1541BADC0}.Debug|Any CPU.ActiveCfg = Debug|Any CPU
		{E2706B3B-50F2-40DC-9A75-9CE1541BADC0}.Debug|Any CPU.Build.0 = Debug|Any CPU
		{E2706B3B-50F2-40DC-9A75-9CE1541BADC0}.Release|Any CPU.ActiveCfg = Release|Any CPU
		{E2706B3B-50F2-40DC-9A75-9CE1541BADC0}.Release|Any CPU.Build.0 = Release|Any CPU
		{F2FCBBEE-C7B7-4470-94D1-4C76E2A3AE5B}.Debug|Any CPU.ActiveCfg = Debug|Any CPU
		{F2FCBBEE-C7B7-4470-94D1-4C76E2A3AE5B}.Debug|Any CPU.Build.0 = Debug|Any CPU
		{F2FCBBEE-C7B7-4470-94D1-4C76E2A3AE5B}.Release|Any CPU.ActiveCfg = Release|Any CPU
		{F2FCBBEE-C7B7-4470-94D1-4C76E2A3AE5B}.Release|Any CPU.Build.0 = Release|Any CPU
		{23B0F21B-783B-45D0-83EB-3F0E2B217F3B}.Debug|Any CPU.ActiveCfg = Debug|Any CPU
		{23B0F21B-783B-45D0-83EB-3F0E2B217F3B}.Debug|Any CPU.Build.0 = Debug|Any CPU
		{23B0F21B-783B-45D0-83EB-3F0E2B217F3B}.Release|Any CPU.ActiveCfg = Release|Any CPU
		{23B0F21B-783B-45D0-83EB-3F0E2B217F3B}.Release|Any CPU.Build.0 = Release|Any CPU
		{20683CF2-4ACE-4E89-842E-37C066487299}.Debug|Any CPU.ActiveCfg = Debug|Any CPU
		{20683CF2-4ACE-4E89-842E-37C066487299}.Debug|Any CPU.Build.0 = Debug|Any CPU
		{20683CF2-4ACE-4E89-842E-37C066487299}.Release|Any CPU.ActiveCfg = Release|Any CPU
		{20683CF2-4ACE-4E89-842E-37C066487299}.Release|Any CPU.Build.0 = Release|Any CPU
		{83ED64BF-C0A6-4920-9055-FC0227877C85}.Debug|Any CPU.ActiveCfg = Debug|Any CPU
		{83ED64BF-C0A6-4920-9055-FC0227877C85}.Debug|Any CPU.Build.0 = Debug|Any CPU
		{83ED64BF-C0A6-4920-9055-FC0227877C85}.Release|Any CPU.ActiveCfg = Release|Any CPU
		{83ED64BF-C0A6-4920-9055-FC0227877C85}.Release|Any CPU.Build.0 = Release|Any CPU
		{BA0FD801-5ED5-4965-BB7A-3A70BC022E59}.Debug|Any CPU.ActiveCfg = Debug|Any CPU
		{BA0FD801-5ED5-4965-BB7A-3A70BC022E59}.Debug|Any CPU.Build.0 = Debug|Any CPU
		{BA0FD801-5ED5-4965-BB7A-3A70BC022E59}.Release|Any CPU.ActiveCfg = Release|Any CPU
		{BA0FD801-5ED5-4965-BB7A-3A70BC022E59}.Release|Any CPU.Build.0 = Release|Any CPU
		{136F46B4-98AE-46DF-8931-F3E6D80294C8}.Debug|Any CPU.ActiveCfg = Debug|Any CPU
		{136F46B4-98AE-46DF-8931-F3E6D80294C8}.Debug|Any CPU.Build.0 = Debug|Any CPU
		{136F46B4-98AE-46DF-8931-F3E6D80294C8}.Release|Any CPU.ActiveCfg = Release|Any CPU
		{136F46B4-98AE-46DF-8931-F3E6D80294C8}.Release|Any CPU.Build.0 = Release|Any CPU
	EndGlobalSection
	GlobalSection(SolutionProperties) = preSolution
		HideSolutionNode = FALSE
	EndGlobalSection
	GlobalSection(NestedProjects) = preSolution
		{02CE754A-A40D-4F02-99D7-3D6C0093B6BB} = {14E77C07-D32B-4345-9084-1F15A4D69011}
		{E2706B3B-50F2-40DC-9A75-9CE1541BADC0} = {14E77C07-D32B-4345-9084-1F15A4D69011}
		{F2FCBBEE-C7B7-4470-94D1-4C76E2A3AE5B} = {14E77C07-D32B-4345-9084-1F15A4D69011}
		{23B0F21B-783B-45D0-83EB-3F0E2B217F3B} = {14E77C07-D32B-4345-9084-1F15A4D69011}
		{20683CF2-4ACE-4E89-842E-37C066487299} = {14E77C07-D32B-4345-9084-1F15A4D69011}
		{83ED64BF-C0A6-4920-9055-FC0227877C85} = {D05D6D39-C4A3-488B-AC7E-32943534C691}
		{BA0FD801-5ED5-4965-BB7A-3A70BC022E59} = {D05D6D39-C4A3-488B-AC7E-32943534C691}
		{136F46B4-98AE-46DF-8931-F3E6D80294C8} = {D05D6D39-C4A3-488B-AC7E-32943534C691}
	EndGlobalSection
EndGlobal
